
Microsoft Visual Studio Solution File, Format Version 12.00
# Visual Studio 14
VisualStudioVersion = 14.0.25123.0
MinimumVisualStudioVersion = 10.0.40219.1
Project("{FAE04EC0-301F-11D3-BF4B-00C04F79EFBC}") = "DRG", "DRG\DRG.csproj", "{6CF7202B-3993-4C10-97CF-28B8FCE949A3}"
EndProject
Project("{2150E333-8FDC-42A3-9474-1A3956D46DE8}") = "Solution Items", "Solution Items", "{A85888FB-BE90-4186-B530-6F88D6AEA236}"
	ProjectSection(SolutionItems) = preProject
		Local.testsettings = Local.testsettings
		ReadMe.md = ReadMe.md
	EndProjectSection
EndProject
Project("{FAE04EC0-301F-11D3-BF4B-00C04F79EFBC}") = "DRG.ConsoleApplication", "DRG.ConsoleApplication\DRG.ConsoleApplication.csproj", "{5AC947DD-260E-4971-BCD9-3BB1BEE2677C}"
EndProject
Project("{2150E333-8FDC-42A3-9474-1A3956D46DE8}") = "BuildScripts", "BuildScripts", "{1C95CA79-DCBF-4A84-B550-62CFDDDB9DED}"
	ProjectSection(SolutionItems) = preProject
		preBuildScript2.ps1 = preBuildScript2.ps1
	EndProjectSection
EndProject
Project("{FAE04EC0-301F-11D3-BF4B-00C04F79EFBC}") = "DRG.Tests", "DRG.Tests\DRG.Tests.csproj", "{7949CD61-06EE-41F8-B69B-4684FC204995}"
EndProject
Project("{FAE04EC0-301F-11D3-BF4B-00C04F79EFBC}") = "DRG.Core", "DRG.Core\DRG.Core.csproj", "{ABADE5D4-3B3E-46DE-891E-11B4D2267EF2}"
EndProject
Project("{F088123C-0E9E-452A-89E6-6BA2F21D5CAC}") = "DRG Architecture", "DRG Architecture\DRG Architecture.modelproj", "{A370B173-2BDF-42B4-A6DA-8353F2790810}"
EndProject
Project("{930C7802-8A8C-48F9-8165-68863BCCD9DD}") = "DRG.Setup", "DRG.Setup\DRG.Setup.wixproj", "{ADFE94F0-BB18-4DD0-BB71-E48303CE1FC4}"
EndProject
Project("{FAE04EC0-301F-11D3-BF4B-00C04F79EFBC}") = "DRG.DefinitionsParser", "DRG.DefinitionsParser\DRG.DefinitionsParser.csproj", "{197B148A-0D13-4F54-82E0-BA95FCBA0C1F}"
EndProject
Project("{2150E333-8FDC-42A3-9474-1A3956D46DE8}") = ".nuget", ".nuget", "{77E0CA17-9F8E-4FA3-9C0D-AB4F2A391037}"
	ProjectSection(SolutionItems) = preProject
		DRG.nuspec = DRG.nuspec
	EndProjectSection
EndProject
Global
	GlobalSection(SolutionConfigurationPlatforms) = preSolution
		Debug|Any CPU = Debug|Any CPU
		Debug|x64 = Debug|x64
		Debug|x86 = Debug|x86
		Release|Any CPU = Release|Any CPU
		Release|x64 = Release|x64
		Release|x86 = Release|x86
	EndGlobalSection
	GlobalSection(ProjectConfigurationPlatforms) = postSolution
		{6CF7202B-3993-4C10-97CF-28B8FCE949A3}.Debug|Any CPU.ActiveCfg = Debug|Any CPU
		{6CF7202B-3993-4C10-97CF-28B8FCE949A3}.Debug|Any CPU.Build.0 = Debug|Any CPU
		{6CF7202B-3993-4C10-97CF-28B8FCE949A3}.Debug|x64.ActiveCfg = Debug|x64
		{6CF7202B-3993-4C10-97CF-28B8FCE949A3}.Debug|x64.Build.0 = Debug|x64
		{6CF7202B-3993-4C10-97CF-28B8FCE949A3}.Debug|x86.ActiveCfg = Debug|x86
		{6CF7202B-3993-4C10-97CF-28B8FCE949A3}.Debug|x86.Build.0 = Debug|x86
		{6CF7202B-3993-4C10-97CF-28B8FCE949A3}.Release|Any CPU.ActiveCfg = Release|x64
		{6CF7202B-3993-4C10-97CF-28B8FCE949A3}.Release|Any CPU.Build.0 = Release|x64
		{6CF7202B-3993-4C10-97CF-28B8FCE949A3}.Release|x64.ActiveCfg = Release|x64
		{6CF7202B-3993-4C10-97CF-28B8FCE949A3}.Release|x64.Build.0 = Release|x64
		{6CF7202B-3993-4C10-97CF-28B8FCE949A3}.Release|x86.ActiveCfg = Release|x86
		{6CF7202B-3993-4C10-97CF-28B8FCE949A3}.Release|x86.Build.0 = Release|x86
		{5AC947DD-260E-4971-BCD9-3BB1BEE2677C}.Debug|Any CPU.ActiveCfg = Debug|Any CPU
		{5AC947DD-260E-4971-BCD9-3BB1BEE2677C}.Debug|Any CPU.Build.0 = Debug|Any CPU
		{5AC947DD-260E-4971-BCD9-3BB1BEE2677C}.Debug|x64.ActiveCfg = Debug|x64
		{5AC947DD-260E-4971-BCD9-3BB1BEE2677C}.Debug|x64.Build.0 = Debug|x64
		{5AC947DD-260E-4971-BCD9-3BB1BEE2677C}.Debug|x86.ActiveCfg = Debug|x86
		{5AC947DD-260E-4971-BCD9-3BB1BEE2677C}.Debug|x86.Build.0 = Debug|x86
		{5AC947DD-260E-4971-BCD9-3BB1BEE2677C}.Release|Any CPU.ActiveCfg = Release|x64
		{5AC947DD-260E-4971-BCD9-3BB1BEE2677C}.Release|Any CPU.Build.0 = Release|x64
		{5AC947DD-260E-4971-BCD9-3BB1BEE2677C}.Release|x64.ActiveCfg = Release|x64
		{5AC947DD-260E-4971-BCD9-3BB1BEE2677C}.Release|x64.Build.0 = Release|x64
		{5AC947DD-260E-4971-BCD9-3BB1BEE2677C}.Release|x86.ActiveCfg = Release|x86
		{5AC947DD-260E-4971-BCD9-3BB1BEE2677C}.Release|x86.Build.0 = Release|x86
		{7949CD61-06EE-41F8-B69B-4684FC204995}.Debug|Any CPU.ActiveCfg = Debug|x86
		{7949CD61-06EE-41F8-B69B-4684FC204995}.Debug|Any CPU.Build.0 = Debug|x86
		{7949CD61-06EE-41F8-B69B-4684FC204995}.Debug|x64.ActiveCfg = Debug|x64
		{7949CD61-06EE-41F8-B69B-4684FC204995}.Debug|x64.Build.0 = Debug|x64
		{7949CD61-06EE-41F8-B69B-4684FC204995}.Debug|x86.ActiveCfg = Debug|x86
		{7949CD61-06EE-41F8-B69B-4684FC204995}.Debug|x86.Build.0 = Debug|x86
		{7949CD61-06EE-41F8-B69B-4684FC204995}.Release|Any CPU.ActiveCfg = Release|x64
		{7949CD61-06EE-41F8-B69B-4684FC204995}.Release|x64.ActiveCfg = Release|x64
		{7949CD61-06EE-41F8-B69B-4684FC204995}.Release|x86.ActiveCfg = Release|x86
		{ABADE5D4-3B3E-46DE-891E-11B4D2267EF2}.Debug|Any CPU.ActiveCfg = Debug|Any CPU
		{ABADE5D4-3B3E-46DE-891E-11B4D2267EF2}.Debug|Any CPU.Build.0 = Debug|Any CPU
		{ABADE5D4-3B3E-46DE-891E-11B4D2267EF2}.Debug|x64.ActiveCfg = Debug|x64
		{ABADE5D4-3B3E-46DE-891E-11B4D2267EF2}.Debug|x64.Build.0 = Debug|x64
		{ABADE5D4-3B3E-46DE-891E-11B4D2267EF2}.Debug|x86.ActiveCfg = Debug|x86
		{ABADE5D4-3B3E-46DE-891E-11B4D2267EF2}.Debug|x86.Build.0 = Debug|x86
		{ABADE5D4-3B3E-46DE-891E-11B4D2267EF2}.Release|Any CPU.ActiveCfg = Release|x64
		{ABADE5D4-3B3E-46DE-891E-11B4D2267EF2}.Release|Any CPU.Build.0 = Release|x64
		{ABADE5D4-3B3E-46DE-891E-11B4D2267EF2}.Release|x64.ActiveCfg = Release|x64
		{ABADE5D4-3B3E-46DE-891E-11B4D2267EF2}.Release|x64.Build.0 = Release|x64
		{ABADE5D4-3B3E-46DE-891E-11B4D2267EF2}.Release|x86.ActiveCfg = Release|x86
		{ABADE5D4-3B3E-46DE-891E-11B4D2267EF2}.Release|x86.Build.0 = Release|x86
		{A370B173-2BDF-42B4-A6DA-8353F2790810}.Debug|Any CPU.ActiveCfg = Debug|Any CPU
		{A370B173-2BDF-42B4-A6DA-8353F2790810}.Debug|x64.ActiveCfg = Debug|Any CPU
		{A370B173-2BDF-42B4-A6DA-8353F2790810}.Debug|x86.ActiveCfg = Debug|Any CPU
		{A370B173-2BDF-42B4-A6DA-8353F2790810}.Release|Any CPU.ActiveCfg = Release|Any CPU
		{A370B173-2BDF-42B4-A6DA-8353F2790810}.Release|Any CPU.Build.0 = Release|Any CPU
		{A370B173-2BDF-42B4-A6DA-8353F2790810}.Release|x64.ActiveCfg = Release|Any CPU
		{A370B173-2BDF-42B4-A6DA-8353F2790810}.Release|x86.ActiveCfg = Release|Any CPU
		{ADFE94F0-BB18-4DD0-BB71-E48303CE1FC4}.Debug|Any CPU.ActiveCfg = Debug|x86
		{ADFE94F0-BB18-4DD0-BB71-E48303CE1FC4}.Debug|x64.ActiveCfg = Debug|x64
		{ADFE94F0-BB18-4DD0-BB71-E48303CE1FC4}.Debug|x86.ActiveCfg = Debug|x86
		{ADFE94F0-BB18-4DD0-BB71-E48303CE1FC4}.Release|Any CPU.ActiveCfg = Release|x64
		{ADFE94F0-BB18-4DD0-BB71-E48303CE1FC4}.Release|Any CPU.Build.0 = Release|x64
		{ADFE94F0-BB18-4DD0-BB71-E48303CE1FC4}.Release|x64.ActiveCfg = Release|x64
		{ADFE94F0-BB18-4DD0-BB71-E48303CE1FC4}.Release|x64.Build.0 = Release|x64
		{ADFE94F0-BB18-4DD0-BB71-E48303CE1FC4}.Release|x86.ActiveCfg = Release|x86
		{ADFE94F0-BB18-4DD0-BB71-E48303CE1FC4}.Release|x86.Build.0 = Release|x86
		{197B148A-0D13-4F54-82E0-BA95FCBA0C1F}.Debug|Any CPU.ActiveCfg = Debug|Any CPU
		{197B148A-0D13-4F54-82E0-BA95FCBA0C1F}.Debug|Any CPU.Build.0 = Debug|Any CPU
		{197B148A-0D13-4F54-82E0-BA95FCBA0C1F}.Debug|x64.ActiveCfg = Debug|x64
		{197B148A-0D13-4F54-82E0-BA95FCBA0C1F}.Debug|x64.Build.0 = Debug|x64
		{197B148A-0D13-4F54-82E0-BA95FCBA0C1F}.Debug|x86.ActiveCfg = Debug|Any CPU
		{197B148A-0D13-4F54-82E0-BA95FCBA0C1F}.Debug|x86.Build.0 = Debug|Any CPU
		{197B148A-0D13-4F54-82E0-BA95FCBA0C1F}.Release|Any CPU.ActiveCfg = Release|x64
		{197B148A-0D13-4F54-82E0-BA95FCBA0C1F}.Release|Any CPU.Build.0 = Release|x64
		{197B148A-0D13-4F54-82E0-BA95FCBA0C1F}.Release|x64.ActiveCfg = Release|x64
		{197B148A-0D13-4F54-82E0-BA95FCBA0C1F}.Release|x64.Build.0 = Release|x64
		{197B148A-0D13-4F54-82E0-BA95FCBA0C1F}.Release|x86.ActiveCfg = Release|Any CPU
		{197B148A-0D13-4F54-82E0-BA95FCBA0C1F}.Release|x86.Build.0 = Release|Any CPU
	EndGlobalSection
	GlobalSection(SolutionProperties) = preSolution
		HideSolutionNode = FALSE
	EndGlobalSection
	GlobalSection(TeamFoundationVersionControl) = preSolution
		SccNumberOfProjects = 8
		SccEnterpriseProvider = {4CA58AB2-18FA-4F8D-95D4-32DDF27D184C}
		SccTeamFoundationServer = https://tfs.helsedirektoratet.no:8081/tfs/helsedirektoratet
		SccLocalPath0 = .
		SccProjectUniqueName1 = DRG.ConsoleApplication\\DRG.ConsoleApplication.csproj
		SccProjectName1 = DRG.ConsoleApplication
		SccLocalPath1 = DRG.ConsoleApplication
		SccProjectUniqueName2 = DRG.Tests\\DRG.Tests.csproj
		SccProjectName2 = DRG.Tests
		SccLocalPath2 = DRG.Tests
		SccProjectUniqueName3 = DRG.Core\\DRG.Core.csproj
		SccProjectName3 = DRG.Core
		SccLocalPath3 = DRG.Core
		SccProjectUniqueName4 = DRG\u0020Architecture\\DRG\u0020Architecture.modelproj
		SccProjectName4 = DRG\u0020Architecture
		SccLocalPath4 = DRG\u0020Architecture
		SccProjectUniqueName5 = DRG.Setup\\DRG.Setup.wixproj
		SccProjectName5 = DRG.Setup
		SccLocalPath5 = DRG.Setup
		SccProjectUniqueName6 = DRG.DefinitionsParser\\DRG.DefinitionsParser.csproj
		SccProjectName6 = DRG.DefinitionsParser
		SccLocalPath6 = DRG.DefinitionsParser
		SccProjectUniqueName7 = DRG\\DRG.csproj
		SccProjectName7 = DRG
		SccLocalPath7 = DRG
	EndGlobalSection
EndGlobal
